
Microsoft Visual Studio Solution File, Format Version 12.00
# Visual Studio 15
VisualStudioVersion = 15.0.27004.2005
MinimumVisualStudioVersion = 10.0.40219.1
Project("{FAE04EC0-301F-11D3-BF4B-00C04F79EFBC}") = "CSharp 6", "CSharp 6\CSharp 6.csproj", "{FCF90CAD-A029-477C-8A37-4C17627B4662}"
EndProject
Global
	GlobalSection(SolutionConfigurationPlatforms) = preSolution
		Debug|Any CPU = Debug|Any CPU
		Release|Any CPU = Release|Any CPU
	EndGlobalSection
	GlobalSection(ProjectConfigurationPlatforms) = postSolution
		{FCF90CAD-A029-477C-8A37-4C17627B4662}.Debug|Any CPU.ActiveCfg = Debug|Any CPU
		{FCF90CAD-A029-477C-8A37-4C17627B4662}.Debug|Any CPU.Build.0 = Debug|Any CPU
		{FCF90CAD-A029-477C-8A37-4C17627B4662}.Release|Any CPU.ActiveCfg = Release|Any CPU
		{FCF90CAD-A029-477C-8A37-4C17627B4662}.Release|Any CPU.Build.0 = Release|Any CPU
	EndGlobalSection
	GlobalSection(SolutionProperties) = preSolution
		HideSolutionNode = FALSE
	EndGlobalSection
	GlobalSection(ExtensibilityGlobals) = postSolution
		SolutionGuid = {668D1116-AC5F-4D0C-9711-78D05351DFC4}
	EndGlobalSection
EndGlobal
